{
  "name": "cron-task",
  "version": "1.0.0",
  "lockfileVersion": 1,
  "requires": true,
  "dependencies": {
    "node-cron": {
      "version": "2.0.1",
      "resolved": "https://registry.npmjs.org/node-cron/-/node-cron-2.0.1.tgz",
      "integrity": "sha512-+wM6uLqs/g2l+pWA1cawgeiDaO+2vzAsq1JZZ96r39GEkQSlIv3UMvdbsNIoLRRJG651l2+al6Lyk36qLtKOkg==",
      "requires": {
        "tz-offset": "0.0.1"
      }
    },
    "tz-offset": {
      "version": "0.0.1",
      "resolved": "https://registry.npmjs.org/tz-offset/-/tz-offset-0.0.1.tgz",
      "integrity": "sha512-kMBmblijHJXyOpKzgDhKx9INYU4u4E1RPMB0HqmKSgWG8vEcf3exEfLh4FFfzd3xdQOw9EuIy/cP0akY6rHopQ=="
    }
  }
}
